# @generated - this file is auto-generated by `mise lock` https://mise.jdx.dev/dev-tools/mise-lock.html

[[tools.gem]]
version = "0.0.1.alpha"
backend = "gem"

[[tools.just]]
version = "1.34.0"
backend = "aqua:casey/just"

[tools.just."platforms.linux-arm64"]
url = "https://github.com/casey/just/releases/download/1.34.0/just-1.34.0-aarch64-unknown-linux-musl.tar.gz"

[tools.just."platforms.linux-arm64-musl"]
url = "https://github.com/casey/just/releases/download/1.34.0/just-1.34.0-aarch64-unknown-linux-musl.tar.gz"

[tools.just."platforms.linux-x64"]
url = "https://github.com/casey/just/releases/download/1.34.0/just-1.34.0-x86_64-unknown-linux-musl.tar.gz"

[tools.just."platforms.linux-x64-musl"]
url = "https://github.com/casey/just/releases/download/1.34.0/just-1.34.0-x86_64-unknown-linux-musl.tar.gz"

[tools.just."platforms.macos-arm64"]
url = "https://github.com/casey/just/releases/download/1.34.0/just-1.34.0-aarch64-apple-darwin.tar.gz"

[tools.just."platforms.macos-x64"]
url = "https://github.com/casey/just/releases/download/1.34.0/just-1.34.0-x86_64-apple-darwin.tar.gz"

[tools.just."platforms.windows-x64"]
url = "https://github.com/casey/just/releases/download/1.34.0/just-1.34.0-x86_64-pc-windows-msvc.zip"

[[tools.ruby]]
version = "4.0.5"
backend = "core:ruby"

[tools.ruby."platforms.linux-arm64"]
checksum = "sha256:7d6149079a63f8ae1d326c9fa65c6019ba2dc3155eae7b39159817911c88958e"
url = "https://cache.ruby-lang.org/pub/ruby/4.0/ruby-4.0.5.tar.gz"

[tools.ruby."platforms.linux-arm64-musl"]
checksum = "sha256:7d6149079a63f8ae1d326c9fa65c6019ba2dc3155eae7b39159817911c88958e"
url = "https://cache.ruby-lang.org/pub/ruby/4.0/ruby-4.0.5.tar.gz"

[tools.ruby."platforms.linux-x64"]
checksum = "sha256:7d6149079a63f8ae1d326c9fa65c6019ba2dc3155eae7b39159817911c88958e"
url = "https://cache.ruby-lang.org/pub/ruby/4.0/ruby-4.0.5.tar.gz"

[tools.ruby."platforms.linux-x64-musl"]
checksum = "sha256:7d6149079a63f8ae1d326c9fa65c6019ba2dc3155eae7b39159817911c88958e"
url = "https://cache.ruby-lang.org/pub/ruby/4.0/ruby-4.0.5.tar.gz"

[tools.ruby."platforms.macos-arm64"]
checksum = "sha256:7d6149079a63f8ae1d326c9fa65c6019ba2dc3155eae7b39159817911c88958e"
url = "https://cache.ruby-lang.org/pub/ruby/4.0/ruby-4.0.5.tar.gz"

[tools.ruby."platforms.macos-x64"]
checksum = "sha256:7d6149079a63f8ae1d326c9fa65c6019ba2dc3155eae7b39159817911c88958e"
url = "https://cache.ruby-lang.org/pub/ruby/4.0/ruby-4.0.5.tar.gz"

[tools.ruby."platforms.windows-x64"]
checksum = "sha256:74e31613fc71e6e23431dfc4d8b6ec2818a4dc1fd16e0983b074144c16719c8b"
url = "https://github.com/oneclick/rubyinstaller2/releases/download/RubyInstaller-4.0.5-1/rubyinstaller-4.0.5-1-x64.7z"
